
Microsoft Visual Studio Solution File, Format Version 12.00
# Visual Studio Version 17
VisualStudioVersion = 17.10.35122.118
MinimumVisualStudioVersion = 10.0.40219.1
Project("{9A19103F-16F7-4668-BE54-9A1E7A4F7556}") = "EMedicineBE", "EMedicineBE\EMedicineBE.csproj", "{FBEE17C5-42C3-4E9D-898B-EED36571CA53}"
EndProject
Project("{54A90642-561A-4BB1-A94E-469ADEE60C69}") = "myreactfe", "MyReactFE\myreactfe.esproj", "{89C10334-AEDD-45BC-913B-F9E6BE8C43AE}"
EndProject
Global
	GlobalSection(SolutionConfigurationPlatforms) = preSolution
		Debug|Any CPU = Debug|Any CPU
		Release|Any CPU = Release|Any CPU
	EndGlobalSection
	GlobalSection(ProjectConfigurationPlatforms) = postSolution
		{FBEE17C5-42C3-4E9D-898B-EED36571CA53}.Debug|Any CPU.ActiveCfg = Debug|Any CPU
		{FBEE17C5-42C3-4E9D-898B-EED36571CA53}.Debug|Any CPU.Build.0 = Debug|Any CPU
		{FBEE17C5-42C3-4E9D-898B-EED36571CA53}.Release|Any CPU.ActiveCfg = Release|Any CPU
		{FBEE17C5-42C3-4E9D-898B-EED36571CA53}.Release|Any CPU.Build.0 = Release|Any CPU
		{89C10334-AEDD-45BC-913B-F9E6BE8C43AE}.Debug|Any CPU.ActiveCfg = Debug|Any CPU
		{89C10334-AEDD-45BC-913B-F9E6BE8C43AE}.Debug|Any CPU.Build.0 = Debug|Any CPU
		{89C10334-AEDD-45BC-913B-F9E6BE8C43AE}.Debug|Any CPU.Deploy.0 = Debug|Any CPU
		{89C10334-AEDD-45BC-913B-F9E6BE8C43AE}.Release|Any CPU.ActiveCfg = Release|Any CPU
		{89C10334-AEDD-45BC-913B-F9E6BE8C43AE}.Release|Any CPU.Build.0 = Release|Any CPU
		{89C10334-AEDD-45BC-913B-F9E6BE8C43AE}.Release|Any CPU.Deploy.0 = Release|Any CPU
	EndGlobalSection
	GlobalSection(SolutionProperties) = preSolution
		HideSolutionNode = FALSE
	EndGlobalSection
	GlobalSection(ExtensibilityGlobals) = postSolution
		SolutionGuid = {D3BBCE37-6177-48A2-B64B-7353D3A1C11E}
	EndGlobalSection
EndGlobal
